
Microsoft Visual Studio Solution File, Format Version 12.00
# Visual Studio Version 17
VisualStudioVersion = 17.10.35013.160
MinimumVisualStudioVersion = 10.0.40219.1
Project("{FAE04EC0-301F-11D3-BF4B-00C04F79EFBC}") = "Todo", "Todo.csproj", "{8321B296-77BA-4C05-8380-42FDE83AD01D}"
EndProject
Global
	GlobalSection(SolutionConfigurationPlatforms) = preSolution
		Debug|Any CPU = Debug|Any CPU
		Release|Any CPU = Release|Any CPU
	EndGlobalSection
	GlobalSection(ProjectConfigurationPlatforms) = postSolution
		{8321B296-77BA-4C05-8380-42FDE83AD01D}.Debug|Any CPU.ActiveCfg = Debug|Any CPU
		{8321B296-77BA-4C05-8380-42FDE83AD01D}.Debug|Any CPU.Build.0 = Debug|Any CPU
		{8321B296-77BA-4C05-8380-42FDE83AD01D}.Release|Any CPU.ActiveCfg = Release|Any CPU
		{8321B296-77BA-4C05-8380-42FDE83AD01D}.Release|Any CPU.Build.0 = Release|Any CPU
	EndGlobalSection
	GlobalSection(SolutionProperties) = preSolution
		HideSolutionNode = FALSE
	EndGlobalSection
	GlobalSection(ExtensibilityGlobals) = postSolution
		SolutionGuid = {E9D9EBD4-475A-4FE0-9056-6A229AE6C1EF}
	EndGlobalSection
EndGlobal
